
Microsoft Visual Studio Solution File, Format Version 12.00
# Visual Studio 15
VisualStudioVersion = 15.0.26124.0
MinimumVisualStudioVersion = 15.0.26124.0
Project("{9A19103F-16F7-4668-BE54-9A1E7A4F7556}") = "SimpleAPI", "src\SimpleAPI\SimpleAPI.csproj", "{1A74A21B-EA0A-4684-A9E6-3467F3C473F5}"
EndProject
Project("{9A19103F-16F7-4668-BE54-9A1E7A4F7556}") = "SimpleAPI.Test", "test\SimpleAPI.Test\SimpleAPI.Test.csproj", "{DCE751D7-1F1B-4EA9-9B9F-C249FA08A13D}"
EndProject
Global
	GlobalSection(SolutionConfigurationPlatforms) = preSolution
		Debug|Any CPU = Debug|Any CPU
		Debug|x64 = Debug|x64
		Debug|x86 = Debug|x86
		Release|Any CPU = Release|Any CPU
		Release|x64 = Release|x64
		Release|x86 = Release|x86
	EndGlobalSection
	GlobalSection(ProjectConfigurationPlatforms) = postSolution
		{1A74A21B-EA0A-4684-A9E6-3467F3C473F5}.Debug|Any CPU.ActiveCfg = Debug|Any CPU
		{1A74A21B-EA0A-4684-A9E6-3467F3C473F5}.Debug|Any CPU.Build.0 = Debug|Any CPU
		{1A74A21B-EA0A-4684-A9E6-3467F3C473F5}.Debug|x64.ActiveCfg = Debug|Any CPU
		{1A74A21B-EA0A-4684-A9E6-3467F3C473F5}.Debug|x64.Build.0 = Debug|Any CPU
		{1A74A21B-EA0A-4684-A9E6-3467F3C473F5}.Debug|x86.ActiveCfg = Debug|Any CPU
		{1A74A21B-EA0A-4684-A9E6-3467F3C473F5}.Debug|x86.Build.0 = Debug|Any CPU
		{1A74A21B-EA0A-4684-A9E6-3467F3C473F5}.Release|Any CPU.ActiveCfg = Release|Any CPU
		{1A74A21B-EA0A-4684-A9E6-3467F3C473F5}.Release|Any CPU.Build.0 = Release|Any CPU
		{1A74A21B-EA0A-4684-A9E6-3467F3C473F5}.Release|x64.ActiveCfg = Release|Any CPU
		{1A74A21B-EA0A-4684-A9E6-3467F3C473F5}.Release|x64.Build.0 = Release|Any CPU
		{1A74A21B-EA0A-4684-A9E6-3467F3C473F5}.Release|x86.ActiveCfg = Release|Any CPU
		{1A74A21B-EA0A-4684-A9E6-3467F3C473F5}.Release|x86.Build.0 = Release|Any CPU
		{DCE751D7-1F1B-4EA9-9B9F-C249FA08A13D}.Debug|Any CPU.ActiveCfg = Debug|Any CPU
		{DCE751D7-1F1B-4EA9-9B9F-C249FA08A13D}.Debug|Any CPU.Build.0 = Debug|Any CPU
		{DCE751D7-1F1B-4EA9-9B9F-C249FA08A13D}.Debug|x64.ActiveCfg = Debug|Any CPU
		{DCE751D7-1F1B-4EA9-9B9F-C249FA08A13D}.Debug|x64.Build.0 = Debug|Any CPU
		{DCE751D7-1F1B-4EA9-9B9F-C249FA08A13D}.Debug|x86.ActiveCfg = Debug|Any CPU
		{DCE751D7-1F1B-4EA9-9B9F-C249FA08A13D}.Debug|x86.Build.0 = Debug|Any CPU
		{DCE751D7-1F1B-4EA9-9B9F-C249FA08A13D}.Release|Any CPU.ActiveCfg = Release|Any CPU
		{DCE751D7-1F1B-4EA9-9B9F-C249FA08A13D}.Release|Any CPU.Build.0 = Release|Any CPU
		{DCE751D7-1F1B-4EA9-9B9F-C249FA08A13D}.Release|x64.ActiveCfg = Release|Any CPU
		{DCE751D7-1F1B-4EA9-9B9F-C249FA08A13D}.Release|x64.Build.0 = Release|Any CPU
		{DCE751D7-1F1B-4EA9-9B9F-C249FA08A13D}.Release|x86.ActiveCfg = Release|Any CPU
		{DCE751D7-1F1B-4EA9-9B9F-C249FA08A13D}.Release|x86.Build.0 = Release|Any CPU
	EndGlobalSection
	GlobalSection(SolutionProperties) = preSolution
		HideSolutionNode = FALSE
	EndGlobalSection
	GlobalSection(ExtensibilityGlobals) = postSolution
		SolutionGuid = {17C30B31-E4D3-454C-9DB3-DB05FC98E0E1}
	EndGlobalSection
EndGlobal
